// !$*UTF8*$!
{
	archiveVersion = 1;
	classes = {
	};
	objectVersion = 45;
	objects = {

/* Begin PBXBuildFile section */
		1D60589B0D05DD56006BFB54 /* main.m in Sources */ = {isa = PBXBuildFile; fileRef = 29B97316FDCFA39411CA2CEA /* main.m */; };
		1D60589F0D05DD5A006BFB54 /* Foundation.framework in Frameworks */ = {isa = PBXBuildFile; fileRef = 1D30AB110D05D00D00671497 /* Foundation.framework */; };
		1DF5F4E00D08C38300B7A737 /* UIKit.framework in Frameworks */ = {isa = PBXBuildFile; fileRef = 1DF5F4DF0D08C38300B7A737 /* UIKit.framework */; };
		288765FD0DF74451002DB57D /* CoreGraphics.framework in Frameworks */ = {isa = PBXBuildFile; fileRef = 288765FC0DF74451002DB57D /* CoreGraphics.framework */; };
		28AD733F0D9D9553002E5188 /* MainWindow.xib in Resources */ = {isa = PBXBuildFile; fileRef = 28AD733E0D9D9553002E5188 /* MainWindow.xib */; };
		882A315211FF8FC1007C535A /* Default.png in Resources */ = {isa = PBXBuildFile; fileRef = 882A315111FF8FC1007C535A /* Default.png */; };
		883F432811A3FECE007928C2 /* libxml2.2.dylib in Frameworks */ = {isa = PBXBuildFile; fileRef = 883F432711A3FECE007928C2 /* libxml2.2.dylib */; };
		888D1F1D120B522800FFADEC /* BarcodeScannerViewController.m in Sources */ = {isa = PBXBuildFile; fileRef = 888D1F1B120B522800FFADEC /* BarcodeScannerViewController.m */; };
		888D1F1E120B522800FFADEC /* BarcodeScannerViewController.xib in Resources */ = {isa = PBXBuildFile; fileRef = 888D1F1C120B522800FFADEC /* BarcodeScannerViewController.xib */; };
		888D1F29120B573C00FFADEC /* 123-id-card.png in Resources */ = {isa = PBXBuildFile; fileRef = 888D1F27120B573C00FFADEC /* 123-id-card.png */; };
		888D1F2A120B573C00FFADEC /* Background.png in Resources */ = {isa = PBXBuildFile; fileRef = 888D1F28120B573C00FFADEC /* Background.png */; };
		BF71852C1286E0800087E86D /* CXMLDocument+KVC.m in Sources */ = {isa = PBXBuildFile; fileRef = BF7184C71286E0800087E86D /* CXMLDocument+KVC.m */; };
		BF71852D1286E0800087E86D /* IPAbstractTableViewController.m in Sources */ = {isa = PBXBuildFile; fileRef = BF7184C91286E0800087E86D /* IPAbstractTableViewController.m */; };
		BF71852E1286E0800087E86D /* IPCache.m in Sources */ = {isa = PBXBuildFile; fileRef = BF7184CB1286E0800087E86D /* IPCache.m */; };
		BF71852F1286E0800087E86D /* IPContentProvider.m in Sources */ = {isa = PBXBuildFile; fileRef = BF7184CD1286E0800087E86D /* IPContentProvider.m */; };
		BF7185301286E0800087E86D /* IPDetailsHeaderView.m in Sources */ = {isa = PBXBuildFile; fileRef = BF7184CF1286E0800087E86D /* IPDetailsHeaderView.m */; };
		BF7185311286E0800087E86D /* IPDetailsHeaderView.xib in Resources */ = {isa = PBXBuildFile; fileRef = BF7184D01286E0800087E86D /* IPDetailsHeaderView.xib */; };
		BF7185321286E0800087E86D /* IPDetailsViewController.m in Sources */ = {isa = PBXBuildFile; fileRef = BF7184D21286E0800087E86D /* IPDetailsViewController.m */; };
		BF7185331286E0800087E86D /* IPLoadingView.m in Sources */ = {isa = PBXBuildFile; fileRef = BF7184D41286E0800087E86D /* IPLoadingView.m */; };
		BF7185341286E0800087E86D /* IPTableViewController.m in Sources */ = {isa = PBXBuildFile; fileRef = BF7184D61286E0800087E86D /* IPTableViewController.m */; };
		BF7185351286E0800087E86D /* IPXMLContentProvider.m in Sources */ = {isa = PBXBuildFile; fileRef = BF7184D91286E0800087E86D /* IPXMLContentProvider.m */; };
		BF7185361286E0800087E86D /* NSObject+iPhonical.m in Sources */ = {isa = PBXBuildFile; fileRef = BF7184DB1286E0800087E86D /* NSObject+iPhonical.m */; };
		BF7185371286E0800087E86D /* AbstractCustomUITableViewController2.m in Sources */ = {isa = PBXBuildFile; fileRef = BF7184DE1286E0800087E86D /* AbstractCustomUITableViewController2.m */; };
		BF7185381286E0800087E86D /* cell_bottom.png in Resources */ = {isa = PBXBuildFile; fileRef = BF7184DF1286E0800087E86D /* cell_bottom.png */; };
		BF7185391286E0800087E86D /* cell_bottom_transparent.png in Resources */ = {isa = PBXBuildFile; fileRef = BF7184E01286E0800087E86D /* cell_bottom_transparent.png */; };
		BF71853A1286E0800087E86D /* cell_middle.png in Resources */ = {isa = PBXBuildFile; fileRef = BF7184E11286E0800087E86D /* cell_middle.png */; };
		BF71853B1286E0800087E86D /* cell_middle_transparent.png in Resources */ = {isa = PBXBuildFile; fileRef = BF7184E21286E0800087E86D /* cell_middle_transparent.png */; };
		BF71853C1286E0800087E86D /* cell_single.png in Resources */ = {isa = PBXBuildFile; fileRef = BF7184E31286E0800087E86D /* cell_single.png */; };
		BF71853D1286E0800087E86D /* cell_single_transparent.png in Resources */ = {isa = PBXBuildFile; fileRef = BF7184E41286E0800087E86D /* cell_single_transparent.png */; };
		BF71853E1286E0800087E86D /* cell_top.png in Resources */ = {isa = PBXBuildFile; fileRef = BF7184E51286E0800087E86D /* cell_top.png */; };
		BF71853F1286E0800087E86D /* cell_top_transparent.png in Resources */ = {isa = PBXBuildFile; fileRef = BF7184E61286E0800087E86D /* cell_top_transparent.png */; };
		BF7185401286E0800087E86D /* cell_top_with_header.png in Resources */ = {isa = PBXBuildFile; fileRef = BF7184E71286E0800087E86D /* cell_top_with_header.png */; };
		BF7185411286E0800087E86D /* cell_top_with_header_transparent.png in Resources */ = {isa = PBXBuildFile; fileRef = BF7184E81286E0800087E86D /* cell_top_with_header_transparent.png */; };
		BF7185421286E0800087E86D /* CustomCell.m in Sources */ = {isa = PBXBuildFile; fileRef = BF7184EA1286E0800087E86D /* CustomCell.m */; };
		BF7185431286E0800087E86D /* DefaultCustomCell2.xib in Resources */ = {isa = PBXBuildFile; fileRef = BF7184EB1286E0800087E86D /* DefaultCustomCell2.xib */; };
		BF7185441286E0800087E86D /* SubtitleCustomCell2.xib in Resources */ = {isa = PBXBuildFile; fileRef = BF7184EC1286E0800087E86D /* SubtitleCustomCell2.xib */; };
		BF7185451286E0800087E86D /* UITableViewCustomCells-Bottom.png in Resources */ = {isa = PBXBuildFile; fileRef = BF7184ED1286E0800087E86D /* UITableViewCustomCells-Bottom.png */; };
		BF7185461286E0800087E86D /* UITableViewCustomCells-Bottom_Selected.png in Resources */ = {isa = PBXBuildFile; fileRef = BF7184EE1286E0800087E86D /* UITableViewCustomCells-Bottom_Selected.png */; };
		BF7185471286E0800087E86D /* UITableViewCustomCells-Middle.png in Resources */ = {isa = PBXBuildFile; fileRef = BF7184EF1286E0800087E86D /* UITableViewCustomCells-Middle.png */; };
		BF7185481286E0800087E86D /* UITableViewCustomCells-Middle_Selected.png in Resources */ = {isa = PBXBuildFile; fileRef = BF7184F01286E0800087E86D /* UITableViewCustomCells-Middle_Selected.png */; };
		BF7185491286E0800087E86D /* UITableViewCustomCells-Top.png in Resources */ = {isa = PBXBuildFile; fileRef = BF7184F11286E0800087E86D /* UITableViewCustomCells-Top.png */; };
		BF71854A1286E0800087E86D /* UITableViewCustomCells-Top_Selected.png in Resources */ = {isa = PBXBuildFile; fileRef = BF7184F21286E0800087E86D /* UITableViewCustomCells-Top_Selected.png */; };
		BF71854B1286E0800087E86D /* UITableViewCustomCells-TopBottom.png in Resources */ = {isa = PBXBuildFile; fileRef = BF7184F31286E0800087E86D /* UITableViewCustomCells-TopBottom.png */; };
		BF71854C1286E0800087E86D /* UITableViewCustomCells-TopBottom_Selected.png in Resources */ = {isa = PBXBuildFile; fileRef = BF7184F41286E0800087E86D /* UITableViewCustomCells-TopBottom_Selected.png */; };
		BF71854D1286E0800087E86D /* Value1CustomCell2.xib in Resources */ = {isa = PBXBuildFile; fileRef = BF7184F51286E0800087E86D /* Value1CustomCell2.xib */; };
		BF71854E1286E0800087E86D /* Value2CustomCell2.xib in Resources */ = {isa = PBXBuildFile; fileRef = BF7184F61286E0800087E86D /* Value2CustomCell2.xib */; };
		BF71854F1286E0800087E86D /* ASIAuthenticationDialog.m in Sources */ = {isa = PBXBuildFile; fileRef = BF7184F91286E0800087E86D /* ASIAuthenticationDialog.m */; };
		BF7185501286E0800087E86D /* ASIFormDataRequest.m in Sources */ = {isa = PBXBuildFile; fileRef = BF7184FB1286E0800087E86D /* ASIFormDataRequest.m */; };
		BF7185511286E0800087E86D /* ASIHTTPRequest.m in Sources */ = {isa = PBXBuildFile; fileRef = BF7184FD1286E0800087E86D /* ASIHTTPRequest.m */; };
		BF7185521286E0800087E86D /* ASIInputStream.m in Sources */ = {isa = PBXBuildFile; fileRef = BF7185001286E0800087E86D /* ASIInputStream.m */; };
		BF7185531286E0800087E86D /* ASINetworkQueue.m in Sources */ = {isa = PBXBuildFile; fileRef = BF7185021286E0800087E86D /* ASINetworkQueue.m */; };
		BF7185541286E0800087E86D /* ASINSStringAdditions.m in Sources */ = {isa = PBXBuildFile; fileRef = BF7185041286E0800087E86D /* ASINSStringAdditions.m */; };
		BF7185551286E0800087E86D /* Reachability.m in Sources */ = {isa = PBXBuildFile; fileRef = BF7185071286E0800087E86D /* Reachability.m */; };
		BF7185561286E0800087E86D /* TTGlobalNetwork.m in Sources */ = {isa = PBXBuildFile; fileRef = BF71850A1286E0800087E86D /* TTGlobalNetwork.m */; };
		BF7185571286E0800087E86D /* CXMLDocument_CreationExtensions.m in Sources */ = {isa = PBXBuildFile; fileRef = BF71850E1286E0800087E86D /* CXMLDocument_CreationExtensions.m */; };
		BF7185581286E0800087E86D /* CXMLNode_CreationExtensions.m in Sources */ = {isa = PBXBuildFile; fileRef = BF7185101286E0800087E86D /* CXMLNode_CreationExtensions.m */; };
		BF7185591286E0800087E86D /* CXMLDocument.m in Sources */ = {isa = PBXBuildFile; fileRef = BF7185121286E0800087E86D /* CXMLDocument.m */; };
		BF71855A1286E0800087E86D /* CXMLDocument_PrivateExtensions.m in Sources */ = {isa = PBXBuildFile; fileRef = BF7185141286E0800087E86D /* CXMLDocument_PrivateExtensions.m */; };
		BF71855B1286E0800087E86D /* CXMLElement.m in Sources */ = {isa = PBXBuildFile; fileRef = BF7185161286E0800087E86D /* CXMLElement.m */; };
		BF71855C1286E0800087E86D /* CXMLElement_CreationExtensions.m in Sources */ = {isa = PBXBuildFile; fileRef = BF7185181286E0800087E86D /* CXMLElement_CreationExtensions.m */; };
		BF71855D1286E0800087E86D /* CXMLElement_ElementTreeExtensions.m in Sources */ = {isa = PBXBuildFile; fileRef = BF71851A1286E0800087E86D /* CXMLElement_ElementTreeExtensions.m */; };
		BF71855E1286E0800087E86D /* CXMLNode.m in Sources */ = {isa = PBXBuildFile; fileRef = BF71851C1286E0800087E86D /* CXMLNode.m */; };
		BF71855F1286E0800087E86D /* CXMLNode_PrivateExtensions.m in Sources */ = {isa = PBXBuildFile; fileRef = BF71851E1286E0800087E86D /* CXMLNode_PrivateExtensions.m */; };
		BF7185601286E0800087E86D /* CXMLNode_XPathExtensions.m in Sources */ = {isa = PBXBuildFile; fileRef = BF7185201286E0800087E86D /* CXMLNode_XPathExtensions.m */; };
		BF7185611286E0800087E86D /* CTidy.m in Sources */ = {isa = PBXBuildFile; fileRef = BF7185231286E0800087E86D /* CTidy.m */; };
		BF7185621286E0800087E86D /* UIImage+Alpha.m in Sources */ = {isa = PBXBuildFile; fileRef = BF7185271286E0800087E86D /* UIImage+Alpha.m */; };
		BF7185631286E0800087E86D /* UIImage+Resize.m in Sources */ = {isa = PBXBuildFile; fileRef = BF7185291286E0800087E86D /* UIImage+Resize.m */; };
		BF7185641286E0800087E86D /* UIImage+RoundedCorner.m in Sources */ = {isa = PBXBuildFile; fileRef = BF71852B1286E0800087E86D /* UIImage+RoundedCorner.m */; };
		BFEA87CA1286E1A60000D2C1 /* BlogDetailsViewController.m in Sources */ = {isa = PBXBuildFile; fileRef = BFEA87BB1286E1A60000D2C1 /* BlogDetailsViewController.m */; };
		BFEA87CB1286E1A60000D2C1 /* BlogListViewController.m in Sources */ = {isa = PBXBuildFile; fileRef = BFEA87BD1286E1A60000D2C1 /* BlogListViewController.m */; };
		BFEA87CC1286E1A60000D2C1 /* itemisAppAppDelegate.m in Sources */ = {isa = PBXBuildFile; fileRef = BFEA87BF1286E1A60000D2C1 /* itemisAppAppDelegate.m */; };
		BFEA87CD1286E1A60000D2C1 /* itemisAppProviders.m in Sources */ = {isa = PBXBuildFile; fileRef = BFEA87C11286E1A60000D2C1 /* itemisAppProviders.m */; };
		BFEA87CE1286E1A60000D2C1 /* SprecherDetailsViewController.m in Sources */ = {isa = PBXBuildFile; fileRef = BFEA87C31286E1A60000D2C1 /* SprecherDetailsViewController.m */; };
		BFEA87CF1286E1A60000D2C1 /* SprecherListeViewController.m in Sources */ = {isa = PBXBuildFile; fileRef = BFEA87C51286E1A60000D2C1 /* SprecherListeViewController.m */; };
		BFEA87D01286E1A60000D2C1 /* VortragDetailsViewViewController.m in Sources */ = {isa = PBXBuildFile; fileRef = BFEA87C71286E1A60000D2C1 /* VortragDetailsViewViewController.m */; };
		BFEA87D11286E1A60000D2C1 /* VortragListeViewController.m in Sources */ = {isa = PBXBuildFile; fileRef = BFEA87C91286E1A60000D2C1 /* VortragListeViewController.m */; };
		CB1C33B411849B4E0074C808 /* CoreLocation.framework in Frameworks */ = {isa = PBXBuildFile; fileRef = CB1C33B311849B4E0074C808 /* CoreLocation.framework */; };
		CB70CCE4110C526700291EA3 /* 08-chat.png in Resources */ = {isa = PBXBuildFile; fileRef = CB70CCE3110C526700291EA3 /* 08-chat.png */; };
		CB70CCE6110C52AA00291EA3 /* 83-calendar.png in Resources */ = {isa = PBXBuildFile; fileRef = CB70CCE5110C52AA00291EA3 /* 83-calendar.png */; };
		CB70CCE8110C52BA00291EA3 /* 66-microphone.png in Resources */ = {isa = PBXBuildFile; fileRef = CB70CCE7110C52BA00291EA3 /* 66-microphone.png */; };
		CB70CD7C110C58F700291EA3 /* CFNetwork.framework in Frameworks */ = {isa = PBXBuildFile; fileRef = CB70CD7B110C58F700291EA3 /* CFNetwork.framework */; };
		CB70CD83110C591900291EA3 /* libz.1.1.3.dylib in Frameworks */ = {isa = PBXBuildFile; fileRef = CB70CD82110C591900291EA3 /* libz.1.1.3.dylib */; };
		CB70CD85110C592800291EA3 /* QuartzCore.framework in Frameworks */ = {isa = PBXBuildFile; fileRef = CB70CD84110C592800291EA3 /* QuartzCore.framework */; };
		CB70CD8C110C594500291EA3 /* SystemConfiguration.framework in Frameworks */ = {isa = PBXBuildFile; fileRef = CB70CD8B110C594500291EA3 /* SystemConfiguration.framework */; };
		CB70CE86110C689D00291EA3 /* personLoading.png in Resources */ = {isa = PBXBuildFile; fileRef = CB70CE84110C689D00291EA3 /* personLoading.png */; };
		CB70CE87110C689D00291EA3 /* personUnknown.png in Resources */ = {isa = PBXBuildFile; fileRef = CB70CE85110C689D00291EA3 /* personUnknown.png */; };
		CBAA4BEC110DAC03006C9290 /* itemis-App-Icon.png in Resources */ = {isa = PBXBuildFile; fileRef = CBAA4BEB110DAC03006C9290 /* itemis-App-Icon.png */; };
		CBAA4BEE110DAC0A006C9290 /* Default-old.png in Resources */ = {isa = PBXBuildFile; fileRef = CBAA4BED110DAC0A006C9290 /* Default-old.png */; };
		CBB3961A110DA3F500FD6BCC /* person.png in Resources */ = {isa = PBXBuildFile; fileRef = CBB39619110DA3F500FD6BCC /* person.png */; };
		CBE93B78115123AA004D8075 /* itemisBlog.xml in Resources */ = {isa = PBXBuildFile; fileRef = CBE93B77115123AA004D8075 /* itemisBlog.xml */; };
/* End PBXBuildFile section */

/* Begin PBXFileReference section */
		1D30AB110D05D00D00671497 /* Foundation.framework */ = {isa = PBXFileReference; lastKnownFileType = wrapper.framework; name = Foundation.framework; path = System/Library/Frameworks/Foundation.framework; sourceTree = SDKROOT; };
		1D6058910D05DD3D006BFB54 /* itemisApp.app */ = {isa = PBXFileReference; explicitFileType = wrapper.application; includeInIndex = 0; path = itemisApp.app; sourceTree = BUILT_PRODUCTS_DIR; };
		1DF5F4DF0D08C38300B7A737 /* UIKit.framework */ = {isa = PBXFileReference; lastKnownFileType = wrapper.framework; name = UIKit.framework; path = System/Library/Frameworks/UIKit.framework; sourceTree = SDKROOT; };
		288765FC0DF74451002DB57D /* CoreGraphics.framework */ = {isa = PBXFileReference; lastKnownFileType = wrapper.framework; name = CoreGraphics.framework; path = System/Library/Frameworks/CoreGraphics.framework; sourceTree = SDKROOT; };
		28AD733E0D9D9553002E5188 /* MainWindow.xib */ = {isa = PBXFileReference; lastKnownFileType = file.xib; path = MainWindow.xib; sourceTree = "<group>"; };
		29B97316FDCFA39411CA2CEA /* main.m */ = {isa = PBXFileReference; fileEncoding = 4; lastKnownFileType = sourcecode.c.objc; path = main.m; sourceTree = "<group>"; };
		32CA4F630368D1EE00C91783 /* itemisApp_Prefix.pch */ = {isa = PBXFileReference; fileEncoding = 4; lastKnownFileType = sourcecode.c.h; path = itemisApp_Prefix.pch; sourceTree = "<group>"; };
		882A315111FF8FC1007C535A /* Default.png */ = {isa = PBXFileReference; lastKnownFileType = image.png; path = Default.png; sourceTree = "<group>"; };
		883F432711A3FECE007928C2 /* libxml2.2.dylib */ = {isa = PBXFileReference; lastKnownFileType = "compiled.mach-o.dylib"; name = libxml2.2.dylib; path = usr/lib/libxml2.2.dylib; sourceTree = SDKROOT; };
		888D1F1A120B522800FFADEC /* BarcodeScannerViewController.h */ = {isa = PBXFileReference; fileEncoding = 4; lastKnownFileType = sourcecode.c.h; path = BarcodeScannerViewController.h; sourceTree = "<group>"; };
		888D1F1B120B522800FFADEC /* BarcodeScannerViewController.m */ = {isa = PBXFileReference; fileEncoding = 4; lastKnownFileType = sourcecode.c.objc; path = BarcodeScannerViewController.m; sourceTree = "<group>"; };
		888D1F1C120B522800FFADEC /* BarcodeScannerViewController.xib */ = {isa = PBXFileReference; fileEncoding = 4; lastKnownFileType = file.xib; path = BarcodeScannerViewController.xib; sourceTree = "<group>"; };
		888D1F27120B573C00FFADEC /* 123-id-card.png */ = {isa = PBXFileReference; lastKnownFileType = image.png; path = "123-id-card.png"; sourceTree = "<group>"; };
		888D1F28120B573C00FFADEC /* Background.png */ = {isa = PBXFileReference; lastKnownFileType = image.png; path = Background.png; sourceTree = "<group>"; };
		8D1107310486CEB800E47090 /* itemisApp-Info.plist */ = {isa = PBXFileReference; fileEncoding = 4; lastKnownFileType = text.plist.xml; path = "itemisApp-Info.plist"; plistStructureDefinitionIdentifier = "com.apple.xcode.plist.structure-definition.iphone.info-plist"; sourceTree = "<group>"; };
		BF7184C71286E0800087E86D /* CXMLDocument+KVC.m */ = {isa = PBXFileReference; fileEncoding = 4; lastKnownFileType = sourcecode.c.objc; path = "CXMLDocument+KVC.m"; sourceTree = "<group>"; };
		BF7184C81286E0800087E86D /* IPAbstractTableViewController.h */ = {isa = PBXFileReference; fileEncoding = 4; lastKnownFileType = sourcecode.c.h; path = IPAbstractTableViewController.h; sourceTree = "<group>"; };
		BF7184C91286E0800087E86D /* IPAbstractTableViewController.m */ = {isa = PBXFileReference; fileEncoding = 4; lastKnownFileType = sourcecode.c.objc; path = IPAbstractTableViewController.m; sourceTree = "<group>"; };
		BF7184CA1286E0800087E86D /* IPCache.h */ = {isa = PBXFileReference; fileEncoding = 4; lastKnownFileType = sourcecode.c.h; path = IPCache.h; sourceTree = "<group>"; };
		BF7184CB1286E0800087E86D /* IPCache.m */ = {isa = PBXFileReference; fileEncoding = 4; lastKnownFileType = sourcecode.c.objc; path = IPCache.m; sourceTree = "<group>"; };
		BF7184CC1286E0800087E86D /* IPContentProvider.h */ = {isa = PBXFileReference; fileEncoding = 4; lastKnownFileType = sourcecode.c.h; path = IPContentProvider.h; sourceTree = "<group>"; };
		BF7184CD1286E0800087E86D /* IPContentProvider.m */ = {isa = PBXFileReference; fileEncoding = 4; lastKnownFileType = sourcecode.c.objc; path = IPContentProvider.m; sourceTree = "<group>"; };
		BF7184CE1286E0800087E86D /* IPDetailsHeaderView.h */ = {isa = PBXFileReference; fileEncoding = 4; lastKnownFileType = sourcecode.c.h; path = IPDetailsHeaderView.h; sourceTree = "<group>"; };
		BF7184CF1286E0800087E86D /* IPDetailsHeaderView.m */ = {isa = PBXFileReference; fileEncoding = 4; lastKnownFileType = sourcecode.c.objc; path = IPDetailsHeaderView.m; sourceTree = "<group>"; };
		BF7184D01286E0800087E86D /* IPDetailsHeaderView.xib */ = {isa = PBXFileReference; lastKnownFileType = file.xib; path = IPDetailsHeaderView.xib; sourceTree = "<group>"; };
		BF7184D11286E0800087E86D /* IPDetailsViewController.h */ = {isa = PBXFileReference; fileEncoding = 4; lastKnownFileType = sourcecode.c.h; path = IPDetailsViewController.h; sourceTree = "<group>"; };
		BF7184D21286E0800087E86D /* IPDetailsViewController.m */ = {isa = PBXFileReference; fileEncoding = 4; lastKnownFileType = sourcecode.c.objc; path = IPDetailsViewController.m; sourceTree = "<group>"; };
		BF7184D31286E0800087E86D /* IPLoadingView.h */ = {isa = PBXFileReference; fileEncoding = 4; lastKnownFileType = sourcecode.c.h; path = IPLoadingView.h; sourceTree = "<group>"; };
		BF7184D41286E0800087E86D /* IPLoadingView.m */ = {isa = PBXFileReference; fileEncoding = 4; lastKnownFileType = sourcecode.c.objc; path = IPLoadingView.m; sourceTree = "<group>"; };
		BF7184D51286E0800087E86D /* IPTableViewController.h */ = {isa = PBXFileReference; fileEncoding = 4; lastKnownFileType = sourcecode.c.h; path = IPTableViewController.h; sourceTree = "<group>"; };
		BF7184D61286E0800087E86D /* IPTableViewController.m */ = {isa = PBXFileReference; fileEncoding = 4; lastKnownFileType = sourcecode.c.objc; path = IPTableViewController.m; sourceTree = "<group>"; };
		BF7184D71286E0800087E86D /* IPUIView.h */ = {isa = PBXFileReference; fileEncoding = 4; lastKnownFileType = sourcecode.c.h; path = IPUIView.h; sourceTree = "<group>"; };
		BF7184D81286E0800087E86D /* IPXMLContentProvider.h */ = {isa = PBXFileReference; fileEncoding = 4; lastKnownFileType = sourcecode.c.h; path = IPXMLContentProvider.h; sourceTree = "<group>"; };
		BF7184D91286E0800087E86D /* IPXMLContentProvider.m */ = {isa = PBXFileReference; fileEncoding = 4; lastKnownFileType = sourcecode.c.objc; path = IPXMLContentProvider.m; sourceTree = "<group>"; };
		BF7184DA1286E0800087E86D /* NSObject+iPhonical.h */ = {isa = PBXFileReference; fileEncoding = 4; lastKnownFileType = sourcecode.c.h; path = "NSObject+iPhonical.h"; sourceTree = "<group>"; };
		BF7184DB1286E0800087E86D /* NSObject+iPhonical.m */ = {isa = PBXFileReference; fileEncoding = 4; lastKnownFileType = sourcecode.c.objc; path = "NSObject+iPhonical.m"; sourceTree = "<group>"; };
		BF7184DD1286E0800087E86D /* AbstractCustomUITableViewController2.h */ = {isa = PBXFileReference; fileEncoding = 4; lastKnownFileType = sourcecode.c.h; path = AbstractCustomUITableViewController2.h; sourceTree = "<group>"; };
		BF7184DE1286E0800087E86D /* AbstractCustomUITableViewController2.m */ = {isa = PBXFileReference; fileEncoding = 4; lastKnownFileType = sourcecode.c.objc; path = AbstractCustomUITableViewController2.m; sourceTree = "<group>"; };
		BF7184DF1286E0800087E86D /* cell_bottom.png */ = {isa = PBXFileReference; lastKnownFileType = image.png; path = cell_bottom.png; sourceTree = "<group>"; };
		BF7184E01286E0800087E86D /* cell_bottom_transparent.png */ = {isa = PBXFileReference; lastKnownFileType = image.png; path = cell_bottom_transparent.png; sourceTree = "<group>"; };
		BF7184E11286E0800087E86D /* cell_middle.png */ = {isa = PBXFileReference; lastKnownFileType = image.png; path = cell_middle.png; sourceTree = "<group>"; };
		BF7184E21286E0800087E86D /* cell_middle_transparent.png */ = {isa = PBXFileReference; lastKnownFileType = image.png; path = cell_middle_transparent.png; sourceTree = "<group>"; };
		BF7184E31286E0800087E86D /* cell_single.png */ = {isa = PBXFileReference; lastKnownFileType = image.png; path = cell_single.png; sourceTree = "<group>"; };
		BF7184E41286E0800087E86D /* cell_single_transparent.png */ = {isa = PBXFileReference; lastKnownFileType = image.png; path = cell_single_transparent.png; sourceTree = "<group>"; };
		BF7184E51286E0800087E86D /* cell_top.png */ = {isa = PBXFileReference; lastKnownFileType = image.png; path = cell_top.png; sourceTree = "<group>"; };
		BF7184E61286E0800087E86D /* cell_top_transparent.png */ = {isa = PBXFileReference; lastKnownFileType = image.png; path = cell_top_transparent.png; sourceTree = "<group>"; };
		BF7184E71286E0800087E86D /* cell_top_with_header.png */ = {isa = PBXFileReference; lastKnownFileType = image.png; path = cell_top_with_header.png; sourceTree = "<group>"; };
		BF7184E81286E0800087E86D /* cell_top_with_header_transparent.png */ = {isa = PBXFileReference; lastKnownFileType = image.png; path = cell_top_with_header_transparent.png; sourceTree = "<group>"; };
		BF7184E91286E0800087E86D /* CustomCell.h */ = {isa = PBXFileReference; fileEncoding = 4; lastKnownFileType = sourcecode.c.h; path = CustomCell.h; sourceTree = "<group>"; };
		BF7184EA1286E0800087E86D /* CustomCell.m */ = {isa = PBXFileReference; fileEncoding = 4; lastKnownFileType = sourcecode.c.objc; path = CustomCell.m; sourceTree = "<group>"; };
		BF7184EB1286E0800087E86D /* DefaultCustomCell2.xib */ = {isa = PBXFileReference; lastKnownFileType = file.xib; path = DefaultCustomCell2.xib; sourceTree = "<group>"; };
		BF7184EC1286E0800087E86D /* SubtitleCustomCell2.xib */ = {isa = PBXFileReference; lastKnownFileType = file.xib; path = SubtitleCustomCell2.xib; sourceTree = "<group>"; };
		BF7184ED1286E0800087E86D /* UITableViewCustomCells-Bottom.png */ = {isa = PBXFileReference; lastKnownFileType = image.png; path = "UITableViewCustomCells-Bottom.png"; sourceTree = "<group>"; };
		BF7184EE1286E0800087E86D /* UITableViewCustomCells-Bottom_Selected.png */ = {isa = PBXFileReference; lastKnownFileType = image.png; path = "UITableViewCustomCells-Bottom_Selected.png"; sourceTree = "<group>"; };
		BF7184EF1286E0800087E86D /* UITableViewCustomCells-Middle.png */ = {isa = PBXFileReference; lastKnownFileType = image.png; path = "UITableViewCustomCells-Middle.png"; sourceTree = "<group>"; };
		BF7184F01286E0800087E86D /* UITableViewCustomCells-Middle_Selected.png */ = {isa = PBXFileReference; lastKnownFileType = image.png; path = "UITableViewCustomCells-Middle_Selected.png"; sourceTree = "<group>"; };
		BF7184F11286E0800087E86D /* UITableViewCustomCells-Top.png */ = {isa = PBXFileReference; lastKnownFileType = image.png; path = "UITableViewCustomCells-Top.png"; sourceTree = "<group>"; };
		BF7184F21286E0800087E86D /* UITableViewCustomCells-Top_Selected.png */ = {isa = PBXFileReference; lastKnownFileType = image.png; path = "UITableViewCustomCells-Top_Selected.png"; sourceTree = "<group>"; };
		BF7184F31286E0800087E86D /* UITableViewCustomCells-TopBottom.png */ = {isa = PBXFileReference; lastKnownFileType = image.png; path = "UITableViewCustomCells-TopBottom.png"; sourceTree = "<group>"; };
		BF7184F41286E0800087E86D /* UITableViewCustomCells-TopBottom_Selected.png */ = {isa = PBXFileReference; lastKnownFileType = image.png; path = "UITableViewCustomCells-TopBottom_Selected.png"; sourceTree = "<group>"; };
		BF7184F51286E0800087E86D /* Value1CustomCell2.xib */ = {isa = PBXFileReference; lastKnownFileType = file.xib; path = Value1CustomCell2.xib; sourceTree = "<group>"; };
		BF7184F61286E0800087E86D /* Value2CustomCell2.xib */ = {isa = PBXFileReference; lastKnownFileType = file.xib; path = Value2CustomCell2.xib; sourceTree = "<group>"; };
		BF7184F81286E0800087E86D /* ASIAuthenticationDialog.h */ = {isa = PBXFileReference; fileEncoding = 4; lastKnownFileType = sourcecode.c.h; path = ASIAuthenticationDialog.h; sourceTree = "<group>"; };
		BF7184F91286E0800087E86D /* ASIAuthenticationDialog.m */ = {isa = PBXFileReference; fileEncoding = 4; lastKnownFileType = sourcecode.c.objc; path = ASIAuthenticationDialog.m; sourceTree = "<group>"; };
		BF7184FA1286E0800087E86D /* ASIFormDataRequest.h */ = {isa = PBXFileReference; fileEncoding = 4; lastKnownFileType = sourcecode.c.h; path = ASIFormDataRequest.h; sourceTree = "<group>"; };
		BF7184FB1286E0800087E86D /* ASIFormDataRequest.m */ = {isa = PBXFileReference; fileEncoding = 4; lastKnownFileType = sourcecode.c.objc; path = ASIFormDataRequest.m; sourceTree = "<group>"; };
		BF7184FC1286E0800087E86D /* ASIHTTPRequest.h */ = {isa = PBXFileReference; fileEncoding = 4; lastKnownFileType = sourcecode.c.h; path = ASIHTTPRequest.h; sourceTree = "<group>"; };
		BF7184FD1286E0800087E86D /* ASIHTTPRequest.m */ = {isa = PBXFileReference; fileEncoding = 4; lastKnownFileType = sourcecode.c.objc; path = ASIHTTPRequest.m; sourceTree = "<group>"; };
		BF7184FE1286E0800087E86D /* ASIHTTPRequestConfig.h */ = {isa = PBXFileReference; fileEncoding = 4; lastKnownFileType = sourcecode.c.h; path = ASIHTTPRequestConfig.h; sourceTree = "<group>"; };
		BF7184FF1286E0800087E86D /* ASIInputStream.h */ = {isa = PBXFileReference; fileEncoding = 4; lastKnownFileType = sourcecode.c.h; path = ASIInputStream.h; sourceTree = "<group>"; };
		BF7185001286E0800087E86D /* ASIInputStream.m */ = {isa = PBXFileReference; fileEncoding = 4; lastKnownFileType = sourcecode.c.objc; path = ASIInputStream.m; sourceTree = "<group>"; };
		BF7185011286E0800087E86D /* ASINetworkQueue.h */ = {isa = PBXFileReference; fileEncoding = 4; lastKnownFileType = sourcecode.c.h; path = ASINetworkQueue.h; sourceTree = "<group>"; };
		BF7185021286E0800087E86D /* ASINetworkQueue.m */ = {isa = PBXFileReference; fileEncoding = 4; lastKnownFileType = sourcecode.c.objc; path = ASINetworkQueue.m; sourceTree = "<group>"; };
		BF7185031286E0800087E86D /* ASINSStringAdditions.h */ = {isa = PBXFileReference; fileEncoding = 4; lastKnownFileType = sourcecode.c.h; path = ASINSStringAdditions.h; sourceTree = "<group>"; };
		BF7185041286E0800087E86D /* ASINSStringAdditions.m */ = {isa = PBXFileReference; fileEncoding = 4; lastKnownFileType = sourcecode.c.objc; path = ASINSStringAdditions.m; sourceTree = "<group>"; };
		BF7185061286E0800087E86D /* Reachability.h */ = {isa = PBXFileReference; fileEncoding = 4; lastKnownFileType = sourcecode.c.h; path = Reachability.h; sourceTree = "<group>"; };
		BF7185071286E0800087E86D /* Reachability.m */ = {isa = PBXFileReference; fileEncoding = 4; lastKnownFileType = sourcecode.c.objc; path = Reachability.m; sourceTree = "<group>"; };
		BF7185091286E0800087E86D /* TTGlobalNetwork.h */ = {isa = PBXFileReference; fileEncoding = 4; lastKnownFileType = sourcecode.c.h; path = TTGlobalNetwork.h; sourceTree = "<group>"; };
		BF71850A1286E0800087E86D /* TTGlobalNetwork.m */ = {isa = PBXFileReference; fileEncoding = 4; lastKnownFileType = sourcecode.c.objc; path = TTGlobalNetwork.m; sourceTree = "<group>"; };
		BF71850D1286E0800087E86D /* CXMLDocument_CreationExtensions.h */ = {isa = PBXFileReference; fileEncoding = 4; lastKnownFileType = sourcecode.c.h; path = CXMLDocument_CreationExtensions.h; sourceTree = "<group>"; };
		BF71850E1286E0800087E86D /* CXMLDocument_CreationExtensions.m */ = {isa = PBXFileReference; fileEncoding = 4; lastKnownFileType = sourcecode.c.objc; path = CXMLDocument_CreationExtensions.m; sourceTree = "<group>"; };
		BF71850F1286E0800087E86D /* CXMLNode_CreationExtensions.h */ = {isa = PBXFileReference; fileEncoding = 4; lastKnownFileType = sourcecode.c.h; path = CXMLNode_CreationExtensions.h; sourceTree = "<group>"; };
		BF7185101286E0800087E86D /* CXMLNode_CreationExtensions.m */ = {isa = PBXFileReference; fileEncoding = 4; lastKnownFileType = sourcecode.c.objc; path = CXMLNode_CreationExtensions.m; sourceTree = "<group>"; };
		BF7185111286E0800087E86D /* CXMLDocument.h */ = {isa = PBXFileReference; fileEncoding = 4; lastKnownFileType = sourcecode.c.h; path = CXMLDocument.h; sourceTree = "<group>"; };
		BF7185121286E0800087E86D /* CXMLDocument.m */ = {isa = PBXFileReference; fileEncoding = 4; lastKnownFileType = sourcecode.c.objc; path = CXMLDocument.m; sourceTree = "<group>"; };
		BF7185131286E0800087E86D /* CXMLDocument_PrivateExtensions.h */ = {isa = PBXFileReference; fileEncoding = 4; lastKnownFileType = sourcecode.c.h; path = CXMLDocument_PrivateExtensions.h; sourceTree = "<group>"; };
		BF7185141286E0800087E86D /* CXMLDocument_PrivateExtensions.m */ = {isa = PBXFileReference; fileEncoding = 4; lastKnownFileType = sourcecode.c.objc; path = CXMLDocument_PrivateExtensions.m; sourceTree = "<group>"; };
		BF7185151286E0800087E86D /* CXMLElement.h */ = {isa = PBXFileReference; fileEncoding = 4; lastKnownFileType = sourcecode.c.h; path = CXMLElement.h; sourceTree = "<group>"; };
		BF7185161286E0800087E86D /* CXMLElement.m */ = {isa = PBXFileReference; fileEncoding = 4; lastKnownFileType = sourcecode.c.objc; path = CXMLElement.m; sourceTree = "<group>"; };
		BF7185171286E0800087E86D /* CXMLElement_CreationExtensions.h */ = {isa = PBXFileReference; fileEncoding = 4; lastKnownFileType = sourcecode.c.h; path = CXMLElement_CreationExtensions.h; sourceTree = "<group>"; };
		BF7185181286E0800087E86D /* CXMLElement_CreationExtensions.m */ = {isa = PBXFileReference; fileEncoding = 4; lastKnownFileType = sourcecode.c.objc; path = CXMLElement_CreationExtensions.m; sourceTree = "<group>"; };
		BF7185191286E0800087E86D /* CXMLElement_ElementTreeExtensions.h */ = {isa = PBXFileReference; fileEncoding = 4; lastKnownFileType = sourcecode.c.h; path = CXMLElement_ElementTreeExtensions.h; sourceTree = "<group>"; };
		BF71851A1286E0800087E86D /* CXMLElement_ElementTreeExtensions.m */ = {isa = PBXFileReference; fileEncoding = 4; lastKnownFileType = sourcecode.c.objc; path = CXMLElement_ElementTreeExtensions.m; sourceTree = "<group>"; };
		BF71851B1286E0800087E86D /* CXMLNode.h */ = {isa = PBXFileReference; fileEncoding = 4; lastKnownFileType = sourcecode.c.h; path = CXMLNode.h; sourceTree = "<group>"; };
		BF71851C1286E0800087E86D /* CXMLNode.m */ = {isa = PBXFileReference; fileEncoding = 4; lastKnownFileType = sourcecode.c.objc; path = CXMLNode.m; sourceTree = "<group>"; };
		BF71851D1286E0800087E86D /* CXMLNode_PrivateExtensions.h */ = {isa = PBXFileReference; fileEncoding = 4; lastKnownFileType = sourcecode.c.h; path = CXMLNode_PrivateExtensions.h; sourceTree = "<group>"; };
		BF71851E1286E0800087E86D /* CXMLNode_PrivateExtensions.m */ = {isa = PBXFileReference; fileEncoding = 4; lastKnownFileType = sourcecode.c.objc; path = CXMLNode_PrivateExtensions.m; sourceTree = "<group>"; };
		BF71851F1286E0800087E86D /* CXMLNode_XPathExtensions.h */ = {isa = PBXFileReference; fileEncoding = 4; lastKnownFileType = sourcecode.c.h; path = CXMLNode_XPathExtensions.h; sourceTree = "<group>"; };
		BF7185201286E0800087E86D /* CXMLNode_XPathExtensions.m */ = {isa = PBXFileReference; fileEncoding = 4; lastKnownFileType = sourcecode.c.objc; path = CXMLNode_XPathExtensions.m; sourceTree = "<group>"; };
		BF7185221286E0800087E86D /* CTidy.h */ = {isa = PBXFileReference; fileEncoding = 4; lastKnownFileType = sourcecode.c.h; path = CTidy.h; sourceTree = "<group>"; };
		BF7185231286E0800087E86D /* CTidy.m */ = {isa = PBXFileReference; fileEncoding = 4; lastKnownFileType = sourcecode.c.objc; path = CTidy.m; sourceTree = "<group>"; };
		BF7185241286E0800087E86D /* TouchXML.h */ = {isa = PBXFileReference; fileEncoding = 4; lastKnownFileType = sourcecode.c.h; path = TouchXML.h; sourceTree = "<group>"; };
		BF7185261286E0800087E86D /* UIImage+Alpha.h */ = {isa = PBXFileReference; fileEncoding = 4; lastKnownFileType = sourcecode.c.h; path = "UIImage+Alpha.h"; sourceTree = "<group>"; };
		BF7185271286E0800087E86D /* UIImage+Alpha.m */ = {isa = PBXFileReference; fileEncoding = 4; lastKnownFileType = sourcecode.c.objc; path = "UIImage+Alpha.m"; sourceTree = "<group>"; };
		BF7185281286E0800087E86D /* UIImage+Resize.h */ = {isa = PBXFileReference; fileEncoding = 4; lastKnownFileType = sourcecode.c.h; path = "UIImage+Resize.h"; sourceTree = "<group>"; };
		BF7185291286E0800087E86D /* UIImage+Resize.m */ = {isa = PBXFileReference; fileEncoding = 4; lastKnownFileType = sourcecode.c.objc; path = "UIImage+Resize.m"; sourceTree = "<group>"; };
		BF71852A1286E0800087E86D /* UIImage+RoundedCorner.h */ = {isa = PBXFileReference; fileEncoding = 4; lastKnownFileType = sourcecode.c.h; path = "UIImage+RoundedCorner.h"; sourceTree = "<group>"; };
		BF71852B1286E0800087E86D /* UIImage+RoundedCorner.m */ = {isa = PBXFileReference; fileEncoding = 4; lastKnownFileType = sourcecode.c.objc; path = "UIImage+RoundedCorner.m"; sourceTree = "<group>"; };
		BFEA87BA1286E1A60000D2C1 /* BlogDetailsViewController.h */ = {isa = PBXFileReference; fileEncoding = 4; lastKnownFileType = sourcecode.c.h; path = BlogDetailsViewController.h; sourceTree = "<group>"; };
		BFEA87BB1286E1A60000D2C1 /* BlogDetailsViewController.m */ = {isa = PBXFileReference; fileEncoding = 4; lastKnownFileType = sourcecode.c.objc; path = BlogDetailsViewController.m; sourceTree = "<group>"; };
		BFEA87BC1286E1A60000D2C1 /* BlogListViewController.h */ = {isa = PBXFileReference; fileEncoding = 4; lastKnownFileType = sourcecode.c.h; path = BlogListViewController.h; sourceTree = "<group>"; };
		BFEA87BD1286E1A60000D2C1 /* BlogListViewController.m */ = {isa = PBXFileReference; fileEncoding = 4; lastKnownFileType = sourcecode.c.objc; path = BlogListViewController.m; sourceTree = "<group>"; };
		BFEA87BE1286E1A60000D2C1 /* itemisAppAppDelegate.h */ = {isa = PBXFileReference; fileEncoding = 4; lastKnownFileType = sourcecode.c.h; path = itemisAppAppDelegate.h; sourceTree = "<group>"; };
		BFEA87BF1286E1A60000D2C1 /* itemisAppAppDelegate.m */ = {isa = PBXFileReference; fileEncoding = 4; lastKnownFileType = sourcecode.c.objc; path = itemisAppAppDelegate.m; sourceTree = "<group>"; };
		BFEA87C01286E1A60000D2C1 /* itemisAppProviders.h */ = {isa = PBXFileReference; fileEncoding = 4; lastKnownFileType = sourcecode.c.h; path = itemisAppProviders.h; sourceTree = "<group>"; };
		BFEA87C11286E1A60000D2C1 /* itemisAppProviders.m */ = {isa = PBXFileReference; fileEncoding = 4; lastKnownFileType = sourcecode.c.objc; path = itemisAppProviders.m; sourceTree = "<group>"; };
		BFEA87C21286E1A60000D2C1 /* SprecherDetailsViewController.h */ = {isa = PBXFileReference; fileEncoding = 4; lastKnownFileType = sourcecode.c.h; path = SprecherDetailsViewController.h; sourceTree = "<group>"; };
		BFEA87C31286E1A60000D2C1 /* SprecherDetailsViewController.m */ = {isa = PBXFileReference; fileEncoding = 4; lastKnownFileType = sourcecode.c.objc; path = SprecherDetailsViewController.m; sourceTree = "<group>"; };
		BFEA87C41286E1A60000D2C1 /* SprecherListeViewController.h */ = {isa = PBXFileReference; fileEncoding = 4; lastKnownFileType = sourcecode.c.h; path = SprecherListeViewController.h; sourceTree = "<group>"; };
		BFEA87C51286E1A60000D2C1 /* SprecherListeViewController.m */ = {isa = PBXFileReference; fileEncoding = 4; lastKnownFileType = sourcecode.c.objc; path = SprecherListeViewController.m; sourceTree = "<group>"; };
		BFEA87C61286E1A60000D2C1 /* VortragDetailsViewViewController.h */ = {isa = PBXFileReference; fileEncoding = 4; lastKnownFileType = sourcecode.c.h; path = VortragDetailsViewViewController.h; sourceTree = "<group>"; };
		BFEA87C71286E1A60000D2C1 /* VortragDetailsViewViewController.m */ = {isa = PBXFileReference; fileEncoding = 4; lastKnownFileType = sourcecode.c.objc; path = VortragDetailsViewViewController.m; sourceTree = "<group>"; };
		BFEA87C81286E1A60000D2C1 /* VortragListeViewController.h */ = {isa = PBXFileReference; fileEncoding = 4; lastKnownFileType = sourcecode.c.h; path = VortragListeViewController.h; sourceTree = "<group>"; };
		BFEA87C91286E1A60000D2C1 /* VortragListeViewController.m */ = {isa = PBXFileReference; fileEncoding = 4; lastKnownFileType = sourcecode.c.objc; path = VortragListeViewController.m; sourceTree = "<group>"; };
		CB1C33B311849B4E0074C808 /* CoreLocation.framework */ = {isa = PBXFileReference; lastKnownFileType = wrapper.framework; name = CoreLocation.framework; path = System/Library/Frameworks/CoreLocation.framework; sourceTree = SDKROOT; };
		CB70CCE3110C526700291EA3 /* 08-chat.png */ = {isa = PBXFileReference; lastKnownFileType = image.png; path = "08-chat.png"; sourceTree = "<group>"; };
		CB70CCE5110C52AA00291EA3 /* 83-calendar.png */ = {isa = PBXFileReference; lastKnownFileType = image.png; path = "83-calendar.png"; sourceTree = "<group>"; };
		CB70CCE7110C52BA00291EA3 /* 66-microphone.png */ = {isa = PBXFileReference; lastKnownFileType = image.png; path = "66-microphone.png"; sourceTree = "<group>"; };
		CB70CD7B110C58F700291EA3 /* CFNetwork.framework */ = {isa = PBXFileReference; lastKnownFileType = wrapper.framework; name = CFNetwork.framework; path = System/Library/Frameworks/CFNetwork.framework; sourceTree = SDKROOT; };
		CB70CD82110C591900291EA3 /* libz.1.1.3.dylib */ = {isa = PBXFileReference; lastKnownFileType = "compiled.mach-o.dylib"; name = libz.1.1.3.dylib; path = usr/lib/libz.1.1.3.dylib; sourceTree = SDKROOT; };
		CB70CD84110C592800291EA3 /* QuartzCore.framework */ = {isa = PBXFileReference; lastKnownFileType = wrapper.framework; name = QuartzCore.framework; path = System/Library/Frameworks/QuartzCore.framework; sourceTree = SDKROOT; };
		CB70CD8B110C594500291EA3 /* SystemConfiguration.framework */ = {isa = PBXFileReference; lastKnownFileType = wrapper.framework; name = SystemConfiguration.framework; path = System/Library/Frameworks/SystemConfiguration.framework; sourceTree = SDKROOT; };
		CB70CE84110C689D00291EA3 /* personLoading.png */ = {isa = PBXFileReference; lastKnownFileType = image.png; path = personLoading.png; sourceTree = "<group>"; };
		CB70CE85110C689D00291EA3 /* personUnknown.png */ = {isa = PBXFileReference; lastKnownFileType = image.png; path = personUnknown.png; sourceTree = "<group>"; };
		CBAA4BEB110DAC03006C9290 /* itemis-App-Icon.png */ = {isa = PBXFileReference; lastKnownFileType = image.png; path = "itemis-App-Icon.png"; sourceTree = "<group>"; };
		CBAA4BED110DAC0A006C9290 /* Default-old.png */ = {isa = PBXFileReference; lastKnownFileType = image.png; path = "Default-old.png"; sourceTree = "<group>"; };
		CBB39619110DA3F500FD6BCC /* person.png */ = {isa = PBXFileReference; lastKnownFileType = image.png; path = person.png; sourceTree = "<group>"; };
		CBE93B77115123AA004D8075 /* itemisBlog.xml */ = {isa = PBXFileReference; fileEncoding = 4; lastKnownFileType = text.xml; path = itemisBlog.xml; sourceTree = "<group>"; };
/* End PBXFileReference section */

/* Begin PBXFrameworksBuildPhase section */
		1D60588F0D05DD3D006BFB54 /* Frameworks */ = {
			isa = PBXFrameworksBuildPhase;
			buildActionMask = 2147483647;
			files = (
				1D60589F0D05DD5A006BFB54 /* Foundation.framework in Frameworks */,
				1DF5F4E00D08C38300B7A737 /* UIKit.framework in Frameworks */,
				288765FD0DF74451002DB57D /* CoreGraphics.framework in Frameworks */,
				CB70CD7C110C58F700291EA3 /* CFNetwork.framework in Frameworks */,
				CB70CD83110C591900291EA3 /* libz.1.1.3.dylib in Frameworks */,
				CB70CD85110C592800291EA3 /* QuartzCore.framework in Frameworks */,
				CB70CD8C110C594500291EA3 /* SystemConfiguration.framework in Frameworks */,
				CB1C33B411849B4E0074C808 /* CoreLocation.framework in Frameworks */,
				883F432811A3FECE007928C2 /* libxml2.2.dylib in Frameworks */,
			);
			runOnlyForDeploymentPostprocessing = 0;
		};
/* End PBXFrameworksBuildPhase section */

/* Begin PBXGroup section */
		080E96DDFE201D6D7F000001 /* Classes */ = {
			isa = PBXGroup;
			children = (
				888D1F1A120B522800FFADEC /* BarcodeScannerViewController.h */,
				888D1F1B120B522800FFADEC /* BarcodeScannerViewController.m */,
				888D1F1C120B522800FFADEC /* BarcodeScannerViewController.xib */,
			);
			path = Classes;
			sourceTree = "<group>";
		};
		19C28FACFE9D520D11CA2CBB /* Products */ = {
			isa = PBXGroup;
			children = (
				1D6058910D05DD3D006BFB54 /* itemisApp.app */,
			);
			name = Products;
			sourceTree = "<group>";
		};
		29B97314FDCFA39411CA2CEA /* CustomTemplate */ = {
			isa = PBXGroup;
			children = (
				080E96DDFE201D6D7F000001 /* Classes */,
				BF7184C51286E0800087E86D /* runtime */,
				BFEA87B91286E1A60000D2C1 /* Generated */,
				29B97315FDCFA39411CA2CEA /* Other Sources */,
				29B97317FDCFA39411CA2CEA /* Resources */,
				29B97323FDCFA39411CA2CEA /* Frameworks */,
				19C28FACFE9D520D11CA2CBB /* Products */,
				CB70CD7B110C58F700291EA3 /* CFNetwork.framework */,
				CB70CD82110C591900291EA3 /* libz.1.1.3.dylib */,
				CB70CD84110C592800291EA3 /* QuartzCore.framework */,
				CB70CD8B110C594500291EA3 /* SystemConfiguration.framework */,
				CB1C33B311849B4E0074C808 /* CoreLocation.framework */,
				883F432711A3FECE007928C2 /* libxml2.2.dylib */,
			);
			name = CustomTemplate;
			sourceTree = "<group>";
		};
		29B97315FDCFA39411CA2CEA /* Other Sources */ = {
			isa = PBXGroup;
			children = (
				32CA4F630368D1EE00C91783 /* itemisApp_Prefix.pch */,
				29B97316FDCFA39411CA2CEA /* main.m */,
			);
			name = "Other Sources";
			sourceTree = "<group>";
		};
		29B97317FDCFA39411CA2CEA /* Resources */ = {
			isa = PBXGroup;
			children = (
				CBE93B77115123AA004D8075 /* itemisBlog.xml */,
				CB70CCD6110C516400291EA3 /* Images */,
				28AD733E0D9D9553002E5188 /* MainWindow.xib */,
				8D1107310486CEB800E47090 /* itemisApp-Info.plist */,
			);
			name = Resources;
			sourceTree = "<group>";
		};
		29B97323FDCFA39411CA2CEA /* Frameworks */ = {
			isa = PBXGroup;
			children = (
				1DF5F4DF0D08C38300B7A737 /* UIKit.framework */,
				1D30AB110D05D00D00671497 /* Foundation.framework */,
				288765FC0DF74451002DB57D /* CoreGraphics.framework */,
			);
			name = Frameworks;
			sourceTree = "<group>";
		};
		BF7184C51286E0800087E86D /* runtime */ = {
			isa = PBXGroup;
			children = (
				BF7184C61286E0800087E86D /* Applause */,
				BF7184DC1286E0800087E86D /* Applause1.5 */,
				BF7184F71286E0800087E86D /* ASIHTTPRequest */,
				BF7185051286E0800087E86D /* Reachability2.0 */,
				BF7185081286E0800087E86D /* Three20 */,
				BF71850B1286E0800087E86D /* TouchXML */,
				BF7185251286E0800087E86D /* UIImage */,
			);
			name = runtime;
			path = ../../runtime;
			sourceTree = SOURCE_ROOT;
		};
		BF7184C61286E0800087E86D /* Applause */ = {
			isa = PBXGroup;
			children = (
				BF7184C71286E0800087E86D /* CXMLDocument+KVC.m */,
				BF7184C81286E0800087E86D /* IPAbstractTableViewController.h */,
				BF7184C91286E0800087E86D /* IPAbstractTableViewController.m */,
				BF7184CA1286E0800087E86D /* IPCache.h */,
				BF7184CB1286E0800087E86D /* IPCache.m */,
				BF7184CC1286E0800087E86D /* IPContentProvider.h */,
				BF7184CD1286E0800087E86D /* IPContentProvider.m */,
				BF7184CE1286E0800087E86D /* IPDetailsHeaderView.h */,
				BF7184CF1286E0800087E86D /* IPDetailsHeaderView.m */,
				BF7184D01286E0800087E86D /* IPDetailsHeaderView.xib */,
				BF7184D11286E0800087E86D /* IPDetailsViewController.h */,
				BF7184D21286E0800087E86D /* IPDetailsViewController.m */,
				BF7184D31286E0800087E86D /* IPLoadingView.h */,
				BF7184D41286E0800087E86D /* IPLoadingView.m */,
				BF7184D51286E0800087E86D /* IPTableViewController.h */,
				BF7184D61286E0800087E86D /* IPTableViewController.m */,
				BF7184D71286E0800087E86D /* IPUIView.h */,
				BF7184D81286E0800087E86D /* IPXMLContentProvider.h */,
				BF7184D91286E0800087E86D /* IPXMLContentProvider.m */,
				BF7184DA1286E0800087E86D /* NSObject+iPhonical.h */,
				BF7184DB1286E0800087E86D /* NSObject+iPhonical.m */,
			);
			path = Applause;
			sourceTree = "<group>";
		};
		BF7184DC1286E0800087E86D /* Applause1.5 */ = {
			isa = PBXGroup;
			children = (
				BF7184DD1286E0800087E86D /* AbstractCustomUITableViewController2.h */,
				BF7184DE1286E0800087E86D /* AbstractCustomUITableViewController2.m */,
				BF7184DF1286E0800087E86D /* cell_bottom.png */,
				BF7184E01286E0800087E86D /* cell_bottom_transparent.png */,
				BF7184E11286E0800087E86D /* cell_middle.png */,
				BF7184E21286E0800087E86D /* cell_middle_transparent.png */,
				BF7184E31286E0800087E86D /* cell_single.png */,
				BF7184E41286E0800087E86D /* cell_single_transparent.png */,
				BF7184E51286E0800087E86D /* cell_top.png */,
				BF7184E61286E0800087E86D /* cell_top_transparent.png */,
				BF7184E71286E0800087E86D /* cell_top_with_header.png */,
				BF7184E81286E0800087E86D /* cell_top_with_header_transparent.png */,
				BF7184E91286E0800087E86D /* CustomCell.h */,
				BF7184EA1286E0800087E86D /* CustomCell.m */,
				BF7184EB1286E0800087E86D /* DefaultCustomCell2.xib */,
				BF7184EC1286E0800087E86D /* SubtitleCustomCell2.xib */,
				BF7184ED1286E0800087E86D /* UITableViewCustomCells-Bottom.png */,
				BF7184EE1286E0800087E86D /* UITableViewCustomCells-Bottom_Selected.png */,
				BF7184EF1286E0800087E86D /* UITableViewCustomCells-Middle.png */,
				BF7184F01286E0800087E86D /* UITableViewCustomCells-Middle_Selected.png */,
				BF7184F11286E0800087E86D /* UITableViewCustomCells-Top.png */,
				BF7184F21286E0800087E86D /* UITableViewCustomCells-Top_Selected.png */,
				BF7184F31286E0800087E86D /* UITableViewCustomCells-TopBottom.png */,
				BF7184F41286E0800087E86D /* UITableViewCustomCells-TopBottom_Selected.png */,
				BF7184F51286E0800087E86D /* Value1CustomCell2.xib */,
				BF7184F61286E0800087E86D /* Value2CustomCell2.xib */,
			);
			path = Applause1.5;
			sourceTree = "<group>";
		};
		BF7184F71286E0800087E86D /* ASIHTTPRequest */ = {
			isa = PBXGroup;
			children = (
				BF7184F81286E0800087E86D /* ASIAuthenticationDialog.h */,
				BF7184F91286E0800087E86D /* ASIAuthenticationDialog.m */,
				BF7184FA1286E0800087E86D /* ASIFormDataRequest.h */,
				BF7184FB1286E0800087E86D /* ASIFormDataRequest.m */,
				BF7184FC1286E0800087E86D /* ASIHTTPRequest.h */,
				BF7184FD1286E0800087E86D /* ASIHTTPRequest.m */,
				BF7184FE1286E0800087E86D /* ASIHTTPRequestConfig.h */,
				BF7184FF1286E0800087E86D /* ASIInputStream.h */,
				BF7185001286E0800087E86D /* ASIInputStream.m */,
				BF7185011286E0800087E86D /* ASINetworkQueue.h */,
				BF7185021286E0800087E86D /* ASINetworkQueue.m */,
				BF7185031286E0800087E86D /* ASINSStringAdditions.h */,
				BF7185041286E0800087E86D /* ASINSStringAdditions.m */,
			);
			path = ASIHTTPRequest;
			sourceTree = "<group>";
		};
		BF7185051286E0800087E86D /* Reachability2.0 */ = {
			isa = PBXGroup;
			children = (
				BF7185061286E0800087E86D /* Reachability.h */,
				BF7185071286E0800087E86D /* Reachability.m */,
			);
			path = Reachability2.0;
			sourceTree = "<group>";
		};
		BF7185081286E0800087E86D /* Three20 */ = {
			isa = PBXGroup;
			children = (
				BF7185091286E0800087E86D /* TTGlobalNetwork.h */,
				BF71850A1286E0800087E86D /* TTGlobalNetwork.m */,
			);
			path = Three20;
			sourceTree = "<group>";
		};
		BF71850B1286E0800087E86D /* TouchXML */ = {
			isa = PBXGroup;
			children = (
				BF71850C1286E0800087E86D /* Creation */,
				BF7185111286E0800087E86D /* CXMLDocument.h */,
				BF7185121286E0800087E86D /* CXMLDocument.m */,
				BF7185131286E0800087E86D /* CXMLDocument_PrivateExtensions.h */,
				BF7185141286E0800087E86D /* CXMLDocument_PrivateExtensions.m */,
				BF7185151286E0800087E86D /* CXMLElement.h */,
				BF7185161286E0800087E86D /* CXMLElement.m */,
				BF7185171286E0800087E86D /* CXMLElement_CreationExtensions.h */,
				BF7185181286E0800087E86D /* CXMLElement_CreationExtensions.m */,
				BF7185191286E0800087E86D /* CXMLElement_ElementTreeExtensions.h */,
				BF71851A1286E0800087E86D /* CXMLElement_ElementTreeExtensions.m */,
				BF71851B1286E0800087E86D /* CXMLNode.h */,
				BF71851C1286E0800087E86D /* CXMLNode.m */,
				BF71851D1286E0800087E86D /* CXMLNode_PrivateExtensions.h */,
				BF71851E1286E0800087E86D /* CXMLNode_PrivateExtensions.m */,
				BF71851F1286E0800087E86D /* CXMLNode_XPathExtensions.h */,
				BF7185201286E0800087E86D /* CXMLNode_XPathExtensions.m */,
				BF7185211286E0800087E86D /* Tidy */,
				BF7185241286E0800087E86D /* TouchXML.h */,
			);
			path = TouchXML;
			sourceTree = "<group>";
		};
		BF71850C1286E0800087E86D /* Creation */ = {
			isa = PBXGroup;
			children = (
				BF71850D1286E0800087E86D /* CXMLDocument_CreationExtensions.h */,
				BF71850E1286E0800087E86D /* CXMLDocument_CreationExtensions.m */,
				BF71850F1286E0800087E86D /* CXMLNode_CreationExtensions.h */,
				BF7185101286E0800087E86D /* CXMLNode_CreationExtensions.m */,
			);
			path = Creation;
			sourceTree = "<group>";
		};
		BF7185211286E0800087E86D /* Tidy */ = {
			isa = PBXGroup;
			children = (
				BF7185221286E0800087E86D /* CTidy.h */,
				BF7185231286E0800087E86D /* CTidy.m */,
			);
			path = Tidy;
			sourceTree = "<group>";
		};
		BF7185251286E0800087E86D /* UIImage */ = {
			isa = PBXGroup;
			children = (
				BF7185261286E0800087E86D /* UIImage+Alpha.h */,
				BF7185271286E0800087E86D /* UIImage+Alpha.m */,
				BF7185281286E0800087E86D /* UIImage+Resize.h */,
				BF7185291286E0800087E86D /* UIImage+Resize.m */,
				BF71852A1286E0800087E86D /* UIImage+RoundedCorner.h */,
				BF71852B1286E0800087E86D /* UIImage+RoundedCorner.m */,
			);
			path = UIImage;
			sourceTree = "<group>";
		};
		BFEA87B91286E1A60000D2C1 /* Generated */ = {
			isa = PBXGroup;
			children = (
				BFEA87BA1286E1A60000D2C1 /* BlogDetailsViewController.h */,
				BFEA87BB1286E1A60000D2C1 /* BlogDetailsViewController.m */,
				BFEA87BC1286E1A60000D2C1 /* BlogListViewController.h */,
				BFEA87BD1286E1A60000D2C1 /* BlogListViewController.m */,
				BFEA87BE1286E1A60000D2C1 /* itemisAppAppDelegate.h */,
				BFEA87BF1286E1A60000D2C1 /* itemisAppAppDelegate.m */,
				BFEA87C01286E1A60000D2C1 /* itemisAppProviders.h */,
				BFEA87C11286E1A60000D2C1 /* itemisAppProviders.m */,
				BFEA87C21286E1A60000D2C1 /* SprecherDetailsViewController.h */,
				BFEA87C31286E1A60000D2C1 /* SprecherDetailsViewController.m */,
				BFEA87C41286E1A60000D2C1 /* SprecherListeViewController.h */,
				BFEA87C51286E1A60000D2C1 /* SprecherListeViewController.m */,
				BFEA87C61286E1A60000D2C1 /* VortragDetailsViewViewController.h */,
				BFEA87C71286E1A60000D2C1 /* VortragDetailsViewViewController.m */,
				BFEA87C81286E1A60000D2C1 /* VortragListeViewController.h */,
				BFEA87C91286E1A60000D2C1 /* VortragListeViewController.m */,
			);
			path = Generated;
			sourceTree = "<group>";
		};
		CB70CCD6110C516400291EA3 /* Images */ = {
			isa = PBXGroup;
			children = (
				888D1F27120B573C00FFADEC /* 123-id-card.png */,
				888D1F28120B573C00FFADEC /* Background.png */,
				882A315111FF8FC1007C535A /* Default.png */,
				CBAA4BEB110DAC03006C9290 /* itemis-App-Icon.png */,
				CBAA4BED110DAC0A006C9290 /* Default-old.png */,
				CBB39619110DA3F500FD6BCC /* person.png */,
				CB70CE84110C689D00291EA3 /* personLoading.png */,
				CB70CE85110C689D00291EA3 /* personUnknown.png */,
				CB70CCE7110C52BA00291EA3 /* 66-microphone.png */,
				CB70CCE5110C52AA00291EA3 /* 83-calendar.png */,
				CB70CCE3110C526700291EA3 /* 08-chat.png */,
			);
			path = Images;
			sourceTree = "<group>";
		};
/* End PBXGroup section */

/* Begin PBXNativeTarget section */
		1D6058900D05DD3D006BFB54 /* itemisApp */ = {
			isa = PBXNativeTarget;
			buildConfigurationList = 1D6058960D05DD3E006BFB54 /* Build configuration list for PBXNativeTarget "itemisApp" */;
			buildPhases = (
				1D60588D0D05DD3D006BFB54 /* Resources */,
				1D60588E0D05DD3D006BFB54 /* Sources */,
				1D60588F0D05DD3D006BFB54 /* Frameworks */,
			);
			buildRules = (
			);
			dependencies = (
			);
			name = itemisApp;
			productName = itemisApp;
			productReference = 1D6058910D05DD3D006BFB54 /* itemisApp.app */;
			productType = "com.apple.product-type.application";
		};
/* End PBXNativeTarget section */

/* Begin PBXProject section */
		29B97313FDCFA39411CA2CEA /* Project object */ = {
			isa = PBXProject;
			buildConfigurationList = C01FCF4E08A954540054247B /* Build configuration list for PBXProject "itemisApp" */;
			compatibilityVersion = "Xcode 3.1";
			developmentRegion = English;
			hasScannedForEncodings = 1;
			knownRegions = (
				en,
			);
			mainGroup = 29B97314FDCFA39411CA2CEA /* CustomTemplate */;
			projectDirPath = "";
			projectRoot = "";
			targets = (
				1D6058900D05DD3D006BFB54 /* itemisApp */,
			);
		};
/* End PBXProject section */

/* Begin PBXResourcesBuildPhase section */
		1D60588D0D05DD3D006BFB54 /* Resources */ = {
			isa = PBXResourcesBuildPhase;
			buildActionMask = 2147483647;
			files = (
				28AD733F0D9D9553002E5188 /* MainWindow.xib in Resources */,
				CB70CCE4110C526700291EA3 /* 08-chat.png in Resources */,
				CB70CCE6110C52AA00291EA3 /* 83-calendar.png in Resources */,
				CB70CCE8110C52BA00291EA3 /* 66-microphone.png in Resources */,
				CB70CE86110C689D00291EA3 /* personLoading.png in Resources */,
				CB70CE87110C689D00291EA3 /* personUnknown.png in Resources */,
				CBB3961A110DA3F500FD6BCC /* person.png in Resources */,
				CBAA4BEC110DAC03006C9290 /* itemis-App-Icon.png in Resources */,
				CBAA4BEE110DAC0A006C9290 /* Default-old.png in Resources */,
				CBE93B78115123AA004D8075 /* itemisBlog.xml in Resources */,
				882A315211FF8FC1007C535A /* Default.png in Resources */,
				888D1F1E120B522800FFADEC /* BarcodeScannerViewController.xib in Resources */,
				888D1F29120B573C00FFADEC /* 123-id-card.png in Resources */,
				888D1F2A120B573C00FFADEC /* Background.png in Resources */,
				BF7185311286E0800087E86D /* IPDetailsHeaderView.xib in Resources */,
				BF7185381286E0800087E86D /* cell_bottom.png in Resources */,
				BF7185391286E0800087E86D /* cell_bottom_transparent.png in Resources */,
				BF71853A1286E0800087E86D /* cell_middle.png in Resources */,
				BF71853B1286E0800087E86D /* cell_middle_transparent.png in Resources */,
				BF71853C1286E0800087E86D /* cell_single.png in Resources */,
				BF71853D1286E0800087E86D /* cell_single_transparent.png in Resources */,
				BF71853E1286E0800087E86D /* cell_top.png in Resources */,
				BF71853F1286E0800087E86D /* cell_top_transparent.png in Resources */,
				BF7185401286E0800087E86D /* cell_top_with_header.png in Resources */,
				BF7185411286E0800087E86D /* cell_top_with_header_transparent.png in Resources */,
				BF7185431286E0800087E86D /* DefaultCustomCell2.xib in Resources */,
				BF7185441286E0800087E86D /* SubtitleCustomCell2.xib in Resources */,
				BF7185451286E0800087E86D /* UITableViewCustomCells-Bottom.png in Resources */,
				BF7185461286E0800087E86D /* UITableViewCustomCells-Bottom_Selected.png in Resources */,
				BF7185471286E0800087E86D /* UITableViewCustomCells-Middle.png in Resources */,
				BF7185481286E0800087E86D /* UITableViewCustomCells-Middle_Selected.png in Resources */,
				BF7185491286E0800087E86D /* UITableViewCustomCells-Top.png in Resources */,
				BF71854A1286E0800087E86D /* UITableViewCustomCells-Top_Selected.png in Resources */,
				BF71854B1286E0800087E86D /* UITableViewCustomCells-TopBottom.png in Resources */,
				BF71854C1286E0800087E86D /* UITableViewCustomCells-TopBottom_Selected.png in Resources */,
				BF71854D1286E0800087E86D /* Value1CustomCell2.xib in Resources */,
				BF71854E1286E0800087E86D /* Value2CustomCell2.xib in Resources */,
			);
			runOnlyForDeploymentPostprocessing = 0;
		};
/* End PBXResourcesBuildPhase section */

/* Begin PBXSourcesBuildPhase section */
		1D60588E0D05DD3D006BFB54 /* Sources */ = {
			isa = PBXSourcesBuildPhase;
			buildActionMask = 2147483647;
			files = (
				1D60589B0D05DD56006BFB54 /* main.m in Sources */,
				888D1F1D120B522800FFADEC /* BarcodeScannerViewController.m in Sources */,
				BF71852C1286E0800087E86D /* CXMLDocument+KVC.m in Sources */,
				BF71852D1286E0800087E86D /* IPAbstractTableViewController.m in Sources */,
				BF71852E1286E0800087E86D /* IPCache.m in Sources */,
				BF71852F1286E0800087E86D /* IPContentProvider.m in Sources */,
				BF7185301286E0800087E86D /* IPDetailsHeaderView.m in Sources */,
				BF7185321286E0800087E86D /* IPDetailsViewController.m in Sources */,
				BF7185331286E0800087E86D /* IPLoadingView.m in Sources */,
				BF7185341286E0800087E86D /* IPTableViewController.m in Sources */,
				BF7185351286E0800087E86D /* IPXMLContentProvider.m in Sources */,
				BF7185361286E0800087E86D /* NSObject+iPhonical.m in Sources */,
				BF7185371286E0800087E86D /* AbstractCustomUITableViewController2.m in Sources */,
				BF7185421286E0800087E86D /* CustomCell.m in Sources */,
				BF71854F1286E0800087E86D /* ASIAuthenticationDialog.m in Sources */,
				BF7185501286E0800087E86D /* ASIFormDataRequest.m in Sources */,
				BF7185511286E0800087E86D /* ASIHTTPRequest.m in Sources */,
				BF7185521286E0800087E86D /* ASIInputStream.m in Sources */,
				BF7185531286E0800087E86D /* ASINetworkQueue.m in Sources */,
				BF7185541286E0800087E86D /* ASINSStringAdditions.m in Sources */,
				BF7185551286E0800087E86D /* Reachability.m in Sources */,
				BF7185561286E0800087E86D /* TTGlobalNetwork.m in Sources */,
				BF7185571286E0800087E86D /* CXMLDocument_CreationExtensions.m in Sources */,
				BF7185581286E0800087E86D /* CXMLNode_CreationExtensions.m in Sources */,
				BF7185591286E0800087E86D /* CXMLDocument.m in Sources */,
				BF71855A1286E0800087E86D /* CXMLDocument_PrivateExtensions.m in Sources */,
				BF71855B1286E0800087E86D /* CXMLElement.m in Sources */,
				BF71855C1286E0800087E86D /* CXMLElement_CreationExtensions.m in Sources */,
				BF71855D1286E0800087E86D /* CXMLElement_ElementTreeExtensions.m in Sources */,
				BF71855E1286E0800087E86D /* CXMLNode.m in Sources */,
				BF71855F1286E0800087E86D /* CXMLNode_PrivateExtensions.m in Sources */,
				BF7185601286E0800087E86D /* CXMLNode_XPathExtensions.m in Sources */,
				BF7185611286E0800087E86D /* CTidy.m in Sources */,
				BF7185621286E0800087E86D /* UIImage+Alpha.m in Sources */,
				BF7185631286E0800087E86D /* UIImage+Resize.m in Sources */,
				BF7185641286E0800087E86D /* UIImage+RoundedCorner.m in Sources */,
				BFEA87CA1286E1A60000D2C1 /* BlogDetailsViewController.m in Sources */,
				BFEA87CB1286E1A60000D2C1 /* BlogListViewController.m in Sources */,
				BFEA87CC1286E1A60000D2C1 /* itemisAppAppDelegate.m in Sources */,
				BFEA87CD1286E1A60000D2C1 /* itemisAppProviders.m in Sources */,
				BFEA87CE1286E1A60000D2C1 /* SprecherDetailsViewController.m in Sources */,
				BFEA87CF1286E1A60000D2C1 /* SprecherListeViewController.m in Sources */,
				BFEA87D01286E1A60000D2C1 /* VortragDetailsViewViewController.m in Sources */,
				BFEA87D11286E1A60000D2C1 /* VortragListeViewController.m in Sources */,
			);
			runOnlyForDeploymentPostprocessing = 0;
		};
/* End PBXSourcesBuildPhase section */

/* Begin XCBuildConfiguration section */
		1D6058940D05DD3E006BFB54 /* Debug */ = {
			isa = XCBuildConfiguration;
			buildSettings = {
				ALWAYS_SEARCH_USER_PATHS = NO;
				COPY_PHASE_STRIP = NO;
				GCC_DYNAMIC_NO_PIC = NO;
				GCC_OPTIMIZATION_LEVEL = 0;
				GCC_PRECOMPILE_PREFIX_HEADER = YES;
				GCC_PREFIX_HEADER = itemisApp_Prefix.pch;
				HEADER_SEARCH_PATHS = (
					/usr/include/libxml2,
					/Developer/Platforms/iPhoneOS.platform/Developer/SDKs/iPhoneOS2.0.sdk/usr/include/libxml2,
				);
				INFOPLIST_FILE = "itemisApp-Info.plist";
				LIBRARY_SEARCH_PATHS = (
					"$(inherited)",
					"\"$(SRCROOT)/Library\"",
				);
				PRODUCT_NAME = itemisApp;
			};
			name = Debug;
		};
		1D6058950D05DD3E006BFB54 /* Release */ = {
			isa = XCBuildConfiguration;
			buildSettings = {
				ALWAYS_SEARCH_USER_PATHS = NO;
				COPY_PHASE_STRIP = YES;
				GCC_PRECOMPILE_PREFIX_HEADER = YES;
				GCC_PREFIX_HEADER = itemisApp_Prefix.pch;
				INFOPLIST_FILE = "itemisApp-Info.plist";
				LIBRARY_SEARCH_PATHS = (
					"$(inherited)",
					"\"$(SRCROOT)/Library\"",
				);
				PRODUCT_NAME = itemisApp;
			};
			name = Release;
		};
		C01FCF4F08A954540054247B /* Debug */ = {
			isa = XCBuildConfiguration;
			buildSettings = {
				ARCHS = "$(ARCHS_STANDARD_32_BIT)";
				"CODE_SIGN_IDENTITY[sdk=iphoneos*]" = "iPhone Developer";
				GCC_C_LANGUAGE_STANDARD = c99;
				GCC_WARN_ABOUT_RETURN_TYPE = YES;
				GCC_WARN_UNUSED_VARIABLE = YES;
				HEADER_SEARCH_PATHS = /Developer/Platforms/iPhoneOS.platform/Developer/SDKs/iPhoneOS2.0.sdk/usr/include/libxml2;
				IPHONEOS_DEPLOYMENT_TARGET = 3.1.3;
				OTHER_LDFLAGS = (
					"-ObjC",
					"-lxml2",
				);
				PREBINDING = NO;
				SDKROOT = iphoneos4.1;
			};
			name = Debug;
		};
		C01FCF5008A954540054247B /* Release */ = {
			isa = XCBuildConfiguration;
			buildSettings = {
				ARCHS = "$(ARCHS_STANDARD_32_BIT)";
				"CODE_SIGN_IDENTITY[sdk=iphoneos*]" = "iPhone Developer";
				GCC_C_LANGUAGE_STANDARD = c99;
				GCC_WARN_ABOUT_RETURN_TYPE = YES;
				GCC_WARN_UNUSED_VARIABLE = YES;
				HEADER_SEARCH_PATHS = /Developer/Platforms/iPhoneOS.platform/Developer/SDKs/iPhoneOS2.0.sdk/usr/include/libxml2;
				IPHONEOS_DEPLOYMENT_TARGET = 3.1.3;
				OTHER_LDFLAGS = (
					"-ObjC",
					"-lxml2",
				);
				PREBINDING = NO;
				SDKROOT = iphoneos4.1;
			};
			name = Release;
		};
/* End XCBuildConfiguration section */

/* Begin XCConfigurationList section */
		1D6058960D05DD3E006BFB54 /* Build configuration list for PBXNativeTarget "itemisApp" */ = {
			isa = XCConfigurationList;
			buildConfigurations = (
				1D6058940D05DD3E006BFB54 /* Debug */,
				1D6058950D05DD3E006BFB54 /* Release */,
			);
			defaultConfigurationIsVisible = 0;
			defaultConfigurationName = Release;
		};
		C01FCF4E08A954540054247B /* Build configuration list for PBXProject "itemisApp" */ = {
			isa = XCConfigurationList;
			buildConfigurations = (
				C01FCF4F08A954540054247B /* Debug */,
				C01FCF5008A954540054247B /* Release */,
			);
			defaultConfigurationIsVisible = 0;
			defaultConfigurationName = Release;
		};
/* End XCConfigurationList section */
	};
	rootObject = 29B97313FDCFA39411CA2CEA /* Project object */;
}
